
Microsoft Visual Studio Solution File, Format Version 12.00
# Visual Studio Version 17
VisualStudioVersion = 17.5.33530.505
MinimumVisualStudioVersion = 10.0.40219.1
Project("{FAE04EC0-301F-11D3-BF4B-00C04F79EFBC}") = "JWTAuth", "JWTAuth\JWTAuth.csproj", "{668FA237-C4EE-4E7B-8615-C7F98C45EC16}"
EndProject
Global
	GlobalSection(SolutionConfigurationPlatforms) = preSolution
		Debug|Any CPU = Debug|Any CPU
		Release|Any CPU = Release|Any CPU
	EndGlobalSection
	GlobalSection(ProjectConfigurationPlatforms) = postSolution
		{668FA237-C4EE-4E7B-8615-C7F98C45EC16}.Debug|Any CPU.ActiveCfg = Debug|Any CPU
		{668FA237-C4EE-4E7B-8615-C7F98C45EC16}.Debug|Any CPU.Build.0 = Debug|Any CPU
		{668FA237-C4EE-4E7B-8615-C7F98C45EC16}.Release|Any CPU.ActiveCfg = Release|Any CPU
		{668FA237-C4EE-4E7B-8615-C7F98C45EC16}.Release|Any CPU.Build.0 = Release|Any CPU
	EndGlobalSection
	GlobalSection(SolutionProperties) = preSolution
		HideSolutionNode = FALSE
	EndGlobalSection
	GlobalSection(ExtensibilityGlobals) = postSolution
		SolutionGuid = {D11B26B6-CB22-4207-B4F2-85BFE4459D00}
	EndGlobalSection
EndGlobal
